# THIS IS AN AUTOGENERATED FILE. DO NOT EDIT THIS FILE DIRECTLY.
# yarn lockfile v1


"@algolia/cache-browser-local-storage@4.2.0":
  version "4.2.0"
  resolved "https://registry.yarnpkg.com/@algolia/cache-browser-local-storage/-/cache-browser-local-storage-4.2.0.tgz#45cc4be4c8fcd69cb98ebaa2e78a459a1cf6ba64"
  integrity sha512-uji5zxBxwNu8qKtyqghg9lUsN0OOZ58NfRKk0Il4IZCcCo78E0KfT3Uxr7XiYCJMRnqIsvbKWf0xA67tYNBSbA==
  dependencies:
    "@algolia/cache-common" "4.2.0"

"@algolia/cache-common@4.2.0":
  version "4.2.0"
  resolved "https://registry.yarnpkg.com/@algolia/cache-common/-/cache-common-4.2.0.tgz#ada18e559f205a63eaf60c21a035b3d41f0f8d7d"
  integrity sha512-ATBQCBBLt4hPNKIKn06y5zqZPWQmI+PBF0287rFVj8BGmEr82BzoKMa5XIkvgpjtxwx6c5nSKxZaYkEFqtrxtQ==

"@algolia/cache-in-memory@4.2.0":
  version "4.2.0"
  resolved "https://registry.yarnpkg.com/@algolia/cache-in-memory/-/cache-in-memory-4.2.0.tgz#82f07cc99aee9e20a96bdd69c635bdd2dc4288f1"
  integrity sha512-NsVOR6ixK6jvurLW+1+h80/9N18QjU/AXdAZJoVeu4JXb2NPuej4Ld1zXFYvz/ypCFQE+dU8haaQnJIuTbD4vg==
  dependencies:
    "@algolia/cache-common" "4.2.0"

"@algolia/client-account@4.2.0":
  version "4.2.0"
  resolved "https://registry.yarnpkg.com/@algolia/client-account/-/client-account-4.2.0.tgz#7abf3dd8922fde1735b1e0d19e8b0bdbf64a1435"
  integrity sha512-xz5OXU9DQ9pegABAgmTPV23f9tXmbUPO3w5J/b2QcP6jzfNnNfW3CkTwywgNLr16jIKLxmmClN5yqyJp6XmHBA==
  dependencies:
    "@algolia/client-common" "4.2.0"
    "@algolia/client-search" "4.2.0"
    "@algolia/transporter" "4.2.0"

"@algolia/client-analytics@4.2.0":
  version "4.2.0"
  resolved "https://registry.yarnpkg.com/@algolia/client-analytics/-/client-analytics-4.2.0.tgz#11e9331fed5bbaa6668d71c890dff60c4af1c741"
  integrity sha512-UNuZQOYuKPYl5fCgm1HZzoZ6Ewxtqrc4Cv5Dhdy5VatIV6lYEWOtdn+g+5qvWFGb6fv6688dg5EVJnXZNvVVZQ==
  dependencies:
    "@algolia/client-common" "4.2.0"
    "@algolia/client-search" "4.2.0"
    "@algolia/requester-common" "4.2.0"
    "@algolia/transporter" "4.2.0"

"@algolia/client-common@4.2.0":
  version "4.2.0"
  resolved "https://registry.yarnpkg.com/@algolia/client-common/-/client-common-4.2.0.tgz#bf8a550dc51927bb103de9aab7e6ac4d90a9cf0d"
  integrity sha512-KxZTWXf9FSl188iTAz9rhTMeBtbF/uaJcxw99jbWHxyK9KR87obZzTlTFYnIWLEBaTG1MmlgPSsDogAE4CHLOQ==
  dependencies:
    "@algolia/requester-common" "4.2.0"
    "@algolia/transporter" "4.2.0"

"@algolia/client-recommendation@4.2.0":
  version "4.2.0"
  resolved "https://registry.yarnpkg.com/@algolia/client-recommendation/-/client-recommendation-4.2.0.tgz#bd49b5b9601fe4220ba6db0fc397d816584ee4ec"
  integrity sha512-5QwvUJ5hpZVDz99o+EPgMg+z7maLWOZGUrUt5z8s+esl+taTb2h1PtyLpikAvC2d/BjYCEKyObTiRDYdzhqcoA==
  dependencies:
    "@algolia/client-common" "4.2.0"
    "@algolia/requester-common" "4.2.0"
    "@algolia/transporter" "4.2.0"

"@algolia/client-search@4.2.0":
  version "4.2.0"
  resolved "https://registry.yarnpkg.com/@algolia/client-search/-/client-search-4.2.0.tgz#4917499cac66a5cca7f2ca9d1334bffc96a79b17"
  integrity sha512-2SAz1/undr+RM7FNj3G0taWFG+8QEMQcYHxUhoOJKMIY9sPQN7UNCJRHYsulM+/g45oF67tXX09NSt14ewen0Q==
  dependencies:
    "@algolia/client-common" "4.2.0"
    "@algolia/requester-common" "4.2.0"
    "@algolia/transporter" "4.2.0"

"@algolia/logger-common@4.2.0":
  version "4.2.0"
  resolved "https://registry.yarnpkg.com/@algolia/logger-common/-/logger-common-4.2.0.tgz#dd373b267594656d72a1563f6621ab7f727c4373"
  integrity sha512-VQcJE5lr78oc+lbcGfPonCDTRwLNSxwtPrUP6Tj+CoDedsVHZhODAlHzLHhxc4vuyrU7xomvKJLqTUgfDNxzXQ==

"@algolia/logger-console@4.2.0":
  version "4.2.0"
  resolved "https://registry.yarnpkg.com/@algolia/logger-console/-/logger-console-4.2.0.tgz#10e18ab75f60fd0f2e2b16cb9a1b0bcc947087f2"
  integrity sha512-/1GE43jY0xKfJUi5ZGtEqq+oTyOzs+EgGKj7/zEHIpUc5NyxokIPWTqt3q6pzGSWFEkNbaA1gAVgXM1zCMVWYw==
  dependencies:
    "@algolia/logger-common" "4.2.0"

"@algolia/requester-browser-xhr@4.2.0":
  version "4.2.0"
  resolved "https://registry.yarnpkg.com/@algolia/requester-browser-xhr/-/requester-browser-xhr-4.2.0.tgz#c2a7982bef940e1749f2ba2aa04e3f8a971b6a78"
  integrity sha512-+PZKOe+UBdZYQg/h/8AbKQ2Ha4uDeoLnpZFv00IMr/elym0m2hl76xAeIBiIqGYsLCmGybGBFUF9n1imsKJUJQ==
  dependencies:
    "@algolia/requester-common" "4.2.0"

"@algolia/requester-common@4.2.0":
  version "4.2.0"
  resolved "https://registry.yarnpkg.com/@algolia/requester-common/-/requester-common-4.2.0.tgz#df67a940516d5a313bbf79bcbceddadfff9f8ce2"
  integrity sha512-SSKPRM/7UP54/dxyK6EYt4p6nTeJxYb1P6xVh/Ic6noBTCfqg5vBEKDa1DZD5MBtCvABoODd97UOfAo3ECG/jg==

"@algolia/requester-node-http@4.2.0":
  version "4.2.0"
  resolved "https://registry.yarnpkg.com/@algolia/requester-node-http/-/requester-node-http-4.2.0.tgz#e26efd3d630b7c988bcc9cda3a8ee68ab4a168dd"
  integrity sha512-mRQgSM8qrMfjXaBnMjTmymR0NKwbr82Qwh1a5TgYyzMOBuRO5nRikawvTVgpNaEnQS0uesIiwd2ohOJ2gNu6oA==
  dependencies:
    "@algolia/requester-common" "4.2.0"

"@algolia/transporter@4.2.0":
  version "4.2.0"
  resolved "https://registry.yarnpkg.com/@algolia/transporter/-/transporter-4.2.0.tgz#9e6bea3304f1e6f4a64a3d7c1f9de047ba89056f"
  integrity sha512-7CiwMYsEhrHySA8q70euIYOyhGtz/wz+MEC3nwGONBC82nGI6ntVqTFhCkpLIJqqbGbNlFgnCpwnLmSqLhRP3A==
  dependencies:
    "@algolia/cache-common" "4.2.0"
    "@algolia/logger-common" "4.2.0"
    "@algolia/requester-common" "4.2.0"

algoliasearch@^4.2.0:
  version "4.2.0"
  resolved "https://registry.yarnpkg.com/algoliasearch/-/algoliasearch-4.2.0.tgz#dd81a1a0c57eb9f74af6db70b0c11f256692d1e6"
  integrity sha512-CgbyDBGMSzNISBFezPt68xAseknork+wNe/Oour1Hluk4OwbtobysRawFf93ZbLSQw/KbeGlVmVAvujeVIVdnQ==
  dependencies:
    "@algolia/cache-browser-local-storage" "4.2.0"
    "@algolia/cache-common" "4.2.0"
    "@algolia/cache-in-memory" "4.2.0"
    "@algolia/client-account" "4.2.0"
    "@algolia/client-analytics" "4.2.0"
    "@algolia/client-common" "4.2.0"
    "@algolia/client-recommendation" "4.2.0"
    "@algolia/client-search" "4.2.0"
    "@algolia/logger-common" "4.2.0"
    "@algolia/logger-console" "4.2.0"
    "@algolia/requester-browser-xhr" "4.2.0"
    "@algolia/requester-common" "4.2.0"
    "@algolia/requester-node-http" "4.2.0"
    "@algolia/transporter" "4.2.0"

bluebird@^3.7.2:
  version "3.7.2"
  resolved "https://registry.yarnpkg.com/bluebird/-/bluebird-3.7.2.tgz#9f229c15be272454ffa973ace0dbee79a1b0c36f"
  integrity sha512-XpNj6GDQzdfW+r2Wnn7xiSAd7TM3jzkxGXBGTtWKuSXv1xUV+azxAm8jdWZN06QTQk+2N2XB9jRDkvbmQmcRtg==

lodash@^4.17.15:
  version "4.17.15"
  resolved "https://registry.yarnpkg.com/lodash/-/lodash-4.17.15.tgz#b447f6670a0455bbfeedd11392eff330ea097548"
  integrity sha512-8xOcRHvCjnocdS5cpwXQXVzmmh5e5+saE2QGoeQmbKmRS6J3VQppPOIt0MnmE+4xlZoumy0GPG0D0MVIQbNA1A==

minimist@^1.2.5:
  version "1.2.5"
  resolved "https://registry.yarnpkg.com/minimist/-/minimist-1.2.5.tgz#67d66014b66a6a8aaa0c083c5fd58df4e4e97602"
  integrity sha512-FM9nNUYrRBAELZQT3xeZQ7fmMOBg6nWNmJKTcgsJeaLstP/UODVpGsr5OhXhhXg6f+qtJ8uiZ+PUxkDWcgIXLw==
